
Microsoft Visual Studio Solution File, Format Version 12.00
# Visual Studio Version 17
VisualStudioVersion = 17.2.32602.215
MinimumVisualStudioVersion = 10.0.40219.1
Project("{2150E333-8FDC-42A3-9474-1A3956D46DE8}") = "BookingService", "BookingService", "{973EB3A0-A768-421C-87F4-8C3AA673FCF1}"
EndProject
Project("{2150E333-8FDC-42A3-9474-1A3956D46DE8}") = "PaymentService", "PaymentService", "{82D8A31A-D17E-49DF-8A83-FA01799FF87F}"
EndProject
Project("{2150E333-8FDC-42A3-9474-1A3956D46DE8}") = "Core", "Core", "{DCE4810C-E959-460A-BBFE-CE49295B92DD}"
EndProject
Project("{2150E333-8FDC-42A3-9474-1A3956D46DE8}") = "Adapters", "Adapters", "{683C4BAF-7D0E-4600-B199-1C36C564050B}"
EndProject
Project("{2150E333-8FDC-42A3-9474-1A3956D46DE8}") = "Consumers", "Consumers", "{444F3946-9384-46FC-A5E2-414D6D3555D6}"
EndProject
Project("{2150E333-8FDC-42A3-9474-1A3956D46DE8}") = "Application", "Application", "{B476E788-C0A2-4065-9D3C-18882413A7C4}"
EndProject
Project("{2150E333-8FDC-42A3-9474-1A3956D46DE8}") = "Tests", "Tests", "{D878E852-AAA2-4571-A4E9-6399F817D941}"
EndProject
Project("{2150E333-8FDC-42A3-9474-1A3956D46DE8}") = "Domain", "Domain", "{3EB4EB06-AA86-4AE9-88F5-C4819EAD3D7A}"
EndProject
Project("{2150E333-8FDC-42A3-9474-1A3956D46DE8}") = "Domain", "Domain", "{31FBDE8E-D28A-4CA5-A033-AD1915CC8CF2}"
EndProject
Project("{2150E333-8FDC-42A3-9474-1A3956D46DE8}") = "Application", "Application", "{9C952D73-18AE-4FC0-95D7-8DFEFDA5D1F7}"
EndProject
Project("{2150E333-8FDC-42A3-9474-1A3956D46DE8}") = "Adapters", "Adapters", "{B58CBD98-38AF-4A88-92EB-DE878D46919A}"
EndProject
Project("{9A19103F-16F7-4668-BE54-9A1E7A4F7556}") = "Domain.Tests", "BookingService\Tests\Domain\Domain.Tests\Domain.Tests.csproj", "{A084710E-1D51-43D4-A74E-6B8F69E0CEDD}"
EndProject
Project("{9A19103F-16F7-4668-BE54-9A1E7A4F7556}") = "Application.Tests", "BookingService\Tests\Application\Application.Tests\Application.Tests.csproj", "{61295D7F-4A88-4BC5-A10C-E6907A72B674}"
EndProject
Project("{9A19103F-16F7-4668-BE54-9A1E7A4F7556}") = "Adapters.Tests", "BookingService\Tests\Adapters\Adapters.Tests\Adapters.Tests.csproj", "{8914C733-B48E-4C42-BB32-F31D664F2B17}"
EndProject
Project("{9A19103F-16F7-4668-BE54-9A1E7A4F7556}") = "API", "BookingService\Consumers\API\API.csproj", "{1EEF08D0-EDD3-4CED-8783-6A27E222B1D2}"
EndProject
Project("{9A19103F-16F7-4668-BE54-9A1E7A4F7556}") = "Data", "BookingService\Adapters\Data\Data.csproj", "{5B32442A-2E5C-4094-9FAA-D18D31C16836}"
EndProject
Project("{9A19103F-16F7-4668-BE54-9A1E7A4F7556}") = "Domain", "BookingService\Core\Domain\Domain.csproj", "{6944EB71-D5FC-44CB-B58A-E08C24E27955}"
EndProject
Project("{9A19103F-16F7-4668-BE54-9A1E7A4F7556}") = "Application", "BookingService\Core\Application\Application.csproj", "{6A1D163B-52FB-44FC-9CAA-78D6F03267A9}"
EndProject
Global
	GlobalSection(SolutionConfigurationPlatforms) = preSolution
		Debug|Any CPU = Debug|Any CPU
		Release|Any CPU = Release|Any CPU
	EndGlobalSection
	GlobalSection(ProjectConfigurationPlatforms) = postSolution
		{A084710E-1D51-43D4-A74E-6B8F69E0CEDD}.Debug|Any CPU.ActiveCfg = Debug|Any CPU
		{A084710E-1D51-43D4-A74E-6B8F69E0CEDD}.Debug|Any CPU.Build.0 = Debug|Any CPU
		{A084710E-1D51-43D4-A74E-6B8F69E0CEDD}.Release|Any CPU.ActiveCfg = Release|Any CPU
		{A084710E-1D51-43D4-A74E-6B8F69E0CEDD}.Release|Any CPU.Build.0 = Release|Any CPU
		{61295D7F-4A88-4BC5-A10C-E6907A72B674}.Debug|Any CPU.ActiveCfg = Debug|Any CPU
		{61295D7F-4A88-4BC5-A10C-E6907A72B674}.Debug|Any CPU.Build.0 = Debug|Any CPU
		{61295D7F-4A88-4BC5-A10C-E6907A72B674}.Release|Any CPU.ActiveCfg = Release|Any CPU
		{61295D7F-4A88-4BC5-A10C-E6907A72B674}.Release|Any CPU.Build.0 = Release|Any CPU
		{8914C733-B48E-4C42-BB32-F31D664F2B17}.Debug|Any CPU.ActiveCfg = Debug|Any CPU
		{8914C733-B48E-4C42-BB32-F31D664F2B17}.Debug|Any CPU.Build.0 = Debug|Any CPU
		{8914C733-B48E-4C42-BB32-F31D664F2B17}.Release|Any CPU.ActiveCfg = Release|Any CPU
		{8914C733-B48E-4C42-BB32-F31D664F2B17}.Release|Any CPU.Build.0 = Release|Any CPU
		{1EEF08D0-EDD3-4CED-8783-6A27E222B1D2}.Debug|Any CPU.ActiveCfg = Debug|Any CPU
		{1EEF08D0-EDD3-4CED-8783-6A27E222B1D2}.Debug|Any CPU.Build.0 = Debug|Any CPU
		{1EEF08D0-EDD3-4CED-8783-6A27E222B1D2}.Release|Any CPU.ActiveCfg = Release|Any CPU
		{1EEF08D0-EDD3-4CED-8783-6A27E222B1D2}.Release|Any CPU.Build.0 = Release|Any CPU
		{5B32442A-2E5C-4094-9FAA-D18D31C16836}.Debug|Any CPU.ActiveCfg = Debug|Any CPU
		{5B32442A-2E5C-4094-9FAA-D18D31C16836}.Debug|Any CPU.Build.0 = Debug|Any CPU
		{5B32442A-2E5C-4094-9FAA-D18D31C16836}.Release|Any CPU.ActiveCfg = Release|Any CPU
		{5B32442A-2E5C-4094-9FAA-D18D31C16836}.Release|Any CPU.Build.0 = Release|Any CPU
		{6944EB71-D5FC-44CB-B58A-E08C24E27955}.Debug|Any CPU.ActiveCfg = Debug|Any CPU
		{6944EB71-D5FC-44CB-B58A-E08C24E27955}.Debug|Any CPU.Build.0 = Debug|Any CPU
		{6944EB71-D5FC-44CB-B58A-E08C24E27955}.Release|Any CPU.ActiveCfg = Release|Any CPU
		{6944EB71-D5FC-44CB-B58A-E08C24E27955}.Release|Any CPU.Build.0 = Release|Any CPU
		{6A1D163B-52FB-44FC-9CAA-78D6F03267A9}.Debug|Any CPU.ActiveCfg = Debug|Any CPU
		{6A1D163B-52FB-44FC-9CAA-78D6F03267A9}.Debug|Any CPU.Build.0 = Debug|Any CPU
		{6A1D163B-52FB-44FC-9CAA-78D6F03267A9}.Release|Any CPU.ActiveCfg = Release|Any CPU
		{6A1D163B-52FB-44FC-9CAA-78D6F03267A9}.Release|Any CPU.Build.0 = Release|Any CPU
	EndGlobalSection
	GlobalSection(SolutionProperties) = preSolution
		HideSolutionNode = FALSE
	EndGlobalSection
	GlobalSection(NestedProjects) = preSolution
		{DCE4810C-E959-460A-BBFE-CE49295B92DD} = {973EB3A0-A768-421C-87F4-8C3AA673FCF1}
		{683C4BAF-7D0E-4600-B199-1C36C564050B} = {973EB3A0-A768-421C-87F4-8C3AA673FCF1}
		{444F3946-9384-46FC-A5E2-414D6D3555D6} = {973EB3A0-A768-421C-87F4-8C3AA673FCF1}
		{B476E788-C0A2-4065-9D3C-18882413A7C4} = {DCE4810C-E959-460A-BBFE-CE49295B92DD}
		{D878E852-AAA2-4571-A4E9-6399F817D941} = {973EB3A0-A768-421C-87F4-8C3AA673FCF1}
		{3EB4EB06-AA86-4AE9-88F5-C4819EAD3D7A} = {DCE4810C-E959-460A-BBFE-CE49295B92DD}
		{31FBDE8E-D28A-4CA5-A033-AD1915CC8CF2} = {D878E852-AAA2-4571-A4E9-6399F817D941}
		{9C952D73-18AE-4FC0-95D7-8DFEFDA5D1F7} = {D878E852-AAA2-4571-A4E9-6399F817D941}
		{B58CBD98-38AF-4A88-92EB-DE878D46919A} = {D878E852-AAA2-4571-A4E9-6399F817D941}
		{A084710E-1D51-43D4-A74E-6B8F69E0CEDD} = {31FBDE8E-D28A-4CA5-A033-AD1915CC8CF2}
		{61295D7F-4A88-4BC5-A10C-E6907A72B674} = {9C952D73-18AE-4FC0-95D7-8DFEFDA5D1F7}
		{8914C733-B48E-4C42-BB32-F31D664F2B17} = {B58CBD98-38AF-4A88-92EB-DE878D46919A}
		{1EEF08D0-EDD3-4CED-8783-6A27E222B1D2} = {444F3946-9384-46FC-A5E2-414D6D3555D6}
		{5B32442A-2E5C-4094-9FAA-D18D31C16836} = {683C4BAF-7D0E-4600-B199-1C36C564050B}
		{6944EB71-D5FC-44CB-B58A-E08C24E27955} = {3EB4EB06-AA86-4AE9-88F5-C4819EAD3D7A}
		{6A1D163B-52FB-44FC-9CAA-78D6F03267A9} = {B476E788-C0A2-4065-9D3C-18882413A7C4}
	EndGlobalSection
	GlobalSection(ExtensibilityGlobals) = postSolution
		SolutionGuid = {ADDE8200-8C4C-4334-A932-CB9AE0F6D2A8}
	EndGlobalSection
EndGlobal
